
Microsoft Visual Studio Solution File, Format Version 12.00
# Visual Studio Version 17
VisualStudioVersion = 17.11.35327.3
MinimumVisualStudioVersion = 10.0.40219.1
Project("{FAE04EC0-301F-11D3-BF4B-00C04F79EFBC}") = "Academica_tarea", "Academica_tarea.csproj", "{5243FB52-FF0F-4188-A2D5-41F5884832E8}"
EndProject
Global
	GlobalSection(SolutionConfigurationPlatforms) = preSolution
		Debug|Any CPU = Debug|Any CPU
		Release|Any CPU = Release|Any CPU
	EndGlobalSection
	GlobalSection(ProjectConfigurationPlatforms) = postSolution
		{5243FB52-FF0F-4188-A2D5-41F5884832E8}.Debug|Any CPU.ActiveCfg = Debug|Any CPU
		{5243FB52-FF0F-4188-A2D5-41F5884832E8}.Debug|Any CPU.Build.0 = Debug|Any CPU
		{5243FB52-FF0F-4188-A2D5-41F5884832E8}.Release|Any CPU.ActiveCfg = Release|Any CPU
		{5243FB52-FF0F-4188-A2D5-41F5884832E8}.Release|Any CPU.Build.0 = Release|Any CPU
	EndGlobalSection
	GlobalSection(SolutionProperties) = preSolution
		HideSolutionNode = FALSE
	EndGlobalSection
	GlobalSection(ExtensibilityGlobals) = postSolution
		SolutionGuid = {9D3B0090-0C44-4D47-BA3D-796CD1D72498}
	EndGlobalSection
EndGlobal
